
Microsoft Visual Studio Solution File, Format Version 12.00
# Visual Studio Version 17
VisualStudioVersion = 17.7.34302.85
MinimumVisualStudioVersion = 10.0.40219.1
Project("{FAE04EC0-301F-11D3-BF4B-00C04F79EFBC}") = "RockPaperScissors", "RockPaperScissors\RockPaperScissors.csproj", "{72BDB0D1-FF0A-466D-A6F4-ECB45C396FEF}"
EndProject
Global
	GlobalSection(SolutionConfigurationPlatforms) = preSolution
		Debug|Any CPU = Debug|Any CPU
		Release|Any CPU = Release|Any CPU
	EndGlobalSection
	GlobalSection(ProjectConfigurationPlatforms) = postSolution
		{72BDB0D1-FF0A-466D-A6F4-ECB45C396FEF}.Debug|Any CPU.ActiveCfg = Debug|Any CPU
		{72BDB0D1-FF0A-466D-A6F4-ECB45C396FEF}.Debug|Any CPU.Build.0 = Debug|Any CPU
		{72BDB0D1-FF0A-466D-A6F4-ECB45C396FEF}.Release|Any CPU.ActiveCfg = Release|Any CPU
		{72BDB0D1-FF0A-466D-A6F4-ECB45C396FEF}.Release|Any CPU.Build.0 = Release|Any CPU
	EndGlobalSection
	GlobalSection(SolutionProperties) = preSolution
		HideSolutionNode = FALSE
	EndGlobalSection
	GlobalSection(ExtensibilityGlobals) = postSolution
		SolutionGuid = {3F3AC346-ECE4-4B11-8B97-35BE55A51F34}
	EndGlobalSection
EndGlobal
